{
  "name": "notes-app",
  "version": "1.0.0",
  "lockfileVersion": 1,
  "requires": true,
  "dependencies": {
    "validator": {
      "version": "12.1.0",
      "resolved": "https://registry.npmjs.org/validator/-/validator-12.1.0.tgz",
      "integrity": "sha512-gIC2RBuFRi574Rb9vewGCJ7TCLxHXNx6EKthEgs+Iz0pYa9a9Te1VLG/bGLsAyGWrqR5FfR7tbFUI7FEF2LiGA=="
    }
  }
}
